// !$*UTF8*$!
{
	archiveVersion = 1;
	classes = {
	};
	objectVersion = 54;
	objects = {

/* Begin PBXBuildFile section */
		00E356F31AD99517003FC87E /* foodappTests.m in Sources */ = {isa = PBXBuildFile; fileRef = 00E356F21AD99517003FC87E /* foodappTests.m */; };
		13B07FBC1A68108700A75B9A /* AppDelegate.m in Sources */ = {isa = PBXBuildFile; fileRef = 13B07FB01A68108700A75B9A /* AppDelegate.m */; };
		13B07FBF1A68108700A75B9A /* Images.xcassets in Resources */ = {isa = PBXBuildFile; fileRef = 13B07FB51A68108700A75B9A /* Images.xcassets */; };
		13B07FC11A68108700A75B9A /* main.m in Sources */ = {isa = PBXBuildFile; fileRef = 13B07FB71A68108700A75B9A /* main.m */; };
		81AB9BB82411601600AC10FF /* LaunchScreen.storyboard in Resources */ = {isa = PBXBuildFile; fileRef = 81AB9BB72411601600AC10FF /* LaunchScreen.storyboard */; };
		B5FCCCA4C36D4570B22131E6 /* AntDesign.ttf in Resources */ = {isa = PBXBuildFile; fileRef = 55F864EF7FA54DA0A04F96A3 /* AntDesign.ttf */; };
		BA1C04616A194FFF9472187E /* Entypo.ttf in Resources */ = {isa = PBXBuildFile; fileRef = 9804DBCA787C4425A47A3E60 /* Entypo.ttf */; };
		8F0F2D44B48A4457969E140B /* EvilIcons.ttf in Resources */ = {isa = PBXBuildFile; fileRef = 5FB606729F4B4DAFBB0F8649 /* EvilIcons.ttf */; };
		20BA7B1C559B4B8E9941E503 /* Feather.ttf in Resources */ = {isa = PBXBuildFile; fileRef = 49704B42AC4E4CE38B60FC49 /* Feather.ttf */; };
		9055712CBD7F484CAA0BA43D /* FontAwesome.ttf in Resources */ = {isa = PBXBuildFile; fileRef = 75D0A5BE0A2649C6AF936311 /* FontAwesome.ttf */; };
		3FA433E6919D4D16A3AFF2BC /* FontAwesome5_Brands.ttf in Resources */ = {isa = PBXBuildFile; fileRef = FF9440EFE12C4D068EB5D55C /* FontAwesome5_Brands.ttf */; };
		D0C199F289E448B5B39AE222 /* FontAwesome5_Regular.ttf in Resources */ = {isa = PBXBuildFile; fileRef = DBA71CA07DB54645874AE610 /* FontAwesome5_Regular.ttf */; };
		A21C1974D24D4FAA9572ACA5 /* FontAwesome5_Solid.ttf in Resources */ = {isa = PBXBuildFile; fileRef = D28FDA18712347C8A71658CD /* FontAwesome5_Solid.ttf */; };
		D8944DD2963741B28028FFAB /* Fontisto.ttf in Resources */ = {isa = PBXBuildFile; fileRef = 0D8D9A3246FE43CBB8E70C1C /* Fontisto.ttf */; };
		80E038B2BCF44F26871E116C /* Foundation.ttf in Resources */ = {isa = PBXBuildFile; fileRef = 2788097357AA4A9984502F09 /* Foundation.ttf */; };
		283C5EAC68E34288A7265924 /* Ionicons.ttf in Resources */ = {isa = PBXBuildFile; fileRef = 1D84F8E38F6B4DC987BEED6D /* Ionicons.ttf */; };
		5D7E531D401C4CD18A73B7ED /* MaterialCommunityIcons.ttf in Resources */ = {isa = PBXBuildFile; fileRef = 65A1D3AEC4BD4CCA87EC5074 /* MaterialCommunityIcons.ttf */; };
		8600E56315B342A08E9E0742 /* MaterialIcons.ttf in Resources */ = {isa = PBXBuildFile; fileRef = 8CF903A5011847C49D09CC4C /* MaterialIcons.ttf */; };
		31F5D6C05AC343398178B8F8 /* Octicons.ttf in Resources */ = {isa = PBXBuildFile; fileRef = 373B8EAB23C8492283A1B688 /* Octicons.ttf */; };
		66FF039C24D94B19BC4A4D9D /* Roboto_medium.ttf in Resources */ = {isa = PBXBuildFile; fileRef = 0DD52FD8CBEB43ABBEC987A3 /* Roboto_medium.ttf */; };
		D376266F6F894EB1BF699F37 /* Roboto.ttf in Resources */ = {isa = PBXBuildFile; fileRef = DA6B319BE0524EB7BBEB732D /* Roboto.ttf */; };
		38EE3BC18B704F2A890BE172 /* rubicon-icon-font.ttf in Resources */ = {isa = PBXBuildFile; fileRef = 05467A77B4074CE2ACC396D8 /* rubicon-icon-font.ttf */; };
		14E0ACEF27B24AFA955E78AD /* SimpleLineIcons.ttf in Resources */ = {isa = PBXBuildFile; fileRef = F16390880392437C884554AF /* SimpleLineIcons.ttf */; };
		FCE28BD8AF9A490ABE05BD59 /* Zocial.ttf in Resources */ = {isa = PBXBuildFile; fileRef = 7DCFE8E40D11485A905CB26B /* Zocial.ttf */; };
		B138D8CBD1E04230A19D7BEA /* AntDesign.ttf in Resources */ = {isa = PBXBuildFile; fileRef = 1BB964522F2D4EE38E958FCD /* AntDesign.ttf */; };
		F41EFDE1FD3441388090FCB8 /* Entypo.ttf in Resources */ = {isa = PBXBuildFile; fileRef = 6DE51A5304004EDBACF407C7 /* Entypo.ttf */; };
		84BB68A56480472FAC0979A7 /* EvilIcons.ttf in Resources */ = {isa = PBXBuildFile; fileRef = 710F32F9F13A40038A6EE7EE /* EvilIcons.ttf */; };
		4589FE5DEBF54D41A2281C76 /* Feather.ttf in Resources */ = {isa = PBXBuildFile; fileRef = 433F5B0C7E35489CB44E80C9 /* Feather.ttf */; };
		59F08F2D99AE4A29BB53C488 /* FontAwesome.ttf in Resources */ = {isa = PBXBuildFile; fileRef = C496F8ABA4674EFDA1F0821E /* FontAwesome.ttf */; };
		987214C1F8D54F93B16B7B5E /* FontAwesome5_Brands.ttf in Resources */ = {isa = PBXBuildFile; fileRef = 90A9CBEEF71642C0910E19F3 /* FontAwesome5_Brands.ttf */; };
		8637C75EA24349409C405E72 /* FontAwesome5_Regular.ttf in Resources */ = {isa = PBXBuildFile; fileRef = 96D2DBD099B64D7E9C47C229 /* FontAwesome5_Regular.ttf */; };
		67FE05239CA04AB0933ADCE1 /* FontAwesome5_Solid.ttf in Resources */ = {isa = PBXBuildFile; fileRef = 7EA9A542C22247EA8130A381 /* FontAwesome5_Solid.ttf */; };
		177524C7C5F94D0B83BFCDBF /* Fontisto.ttf in Resources */ = {isa = PBXBuildFile; fileRef = AA427D926BB841E09683AE74 /* Fontisto.ttf */; };
		DAA16A8CF3B24252AEE04722 /* Foundation.ttf in Resources */ = {isa = PBXBuildFile; fileRef = ACDD2AF0B33848A69664845D /* Foundation.ttf */; };
		FA65B37B6FBD43AAB210E6AD /* Ionicons.ttf in Resources */ = {isa = PBXBuildFile; fileRef = 5F92987A28BB457DB5C4F029 /* Ionicons.ttf */; };
		FCAB99115689441FABE6257D /* MaterialCommunityIcons.ttf in Resources */ = {isa = PBXBuildFile; fileRef = 70C9145E3F164E35B7FE8BA0 /* MaterialCommunityIcons.ttf */; };
		2DD4C119E70D416A8C344288 /* MaterialIcons.ttf in Resources */ = {isa = PBXBuildFile; fileRef = B6B0679FDBE449839E0E8EE5 /* MaterialIcons.ttf */; };
		912CFC493367417E8D6E6F7C /* Octicons.ttf in Resources */ = {isa = PBXBuildFile; fileRef = 27660AB6F1754E059342C8AF /* Octicons.ttf */; };
		34D005D82B19420186B2BC6D /* SimpleLineIcons.ttf in Resources */ = {isa = PBXBuildFile; fileRef = 37BA9212FFEF4F98A00EB344 /* SimpleLineIcons.ttf */; };
		4CF04845DFFD441B8197A902 /* Zocial.ttf in Resources */ = {isa = PBXBuildFile; fileRef = 44042E6C352B4A19A44EA15D /* Zocial.ttf */; };
		61B16C73E20142C78CFBEC06 /* OpenSansCondensed-Bold.ttf in Resources */ = {isa = PBXBuildFile; fileRef = EFA9B76622AA4B548FBA97A5 /* OpenSansCondensed-Bold.ttf */; };
		683A9C22A2BD44ED8BA3EB69 /* OpenSansCondensed-Light.ttf in Resources */ = {isa = PBXBuildFile; fileRef = F6A39F601CEF4F13B7026142 /* OpenSansCondensed-Light.ttf */; };
		364FC80034214CB4B05B7245 /* OpenSansCondensed-LightItalic.ttf in Resources */ = {isa = PBXBuildFile; fileRef = 9C1C874272A9445A8B4AD87C /* OpenSansCondensed-LightItalic.ttf */; };
		6D6D335A410141A3B9C00DC6 /* Raleway-Italic-VariableFont_wght.ttf in Resources */ = {isa = PBXBuildFile; fileRef = BDA7871172914ECB96CE4D34 /* Raleway-Italic-VariableFont_wght.ttf */; };
		112D5C3D9A6C4227BFE51498 /* Raleway-VariableFont_wght.ttf in Resources */ = {isa = PBXBuildFile; fileRef = 997435EF8FBD46DBA7E2153E /* Raleway-VariableFont_wght.ttf */; };
		91069582A5CC4EB29B22BC80 /* Montserrat-Bold.ttf in Resources */ = {isa = PBXBuildFile; fileRef = A30500C627264D79B7078E11 /* Montserrat-Bold.ttf */; };
		6D1DB8AD3E0D4C7AAFC7D37D /* Montserrat-Medium.ttf in Resources */ = {isa = PBXBuildFile; fileRef = EC4194EC480A483880608BD8 /* Montserrat-Medium.ttf */; };
		8906DDDE009B4FE68170F8D9 /* Montserrat-Regular.ttf in Resources */ = {isa = PBXBuildFile; fileRef = 48CDEA89A62442E89B7C98B9 /* Montserrat-Regular.ttf */; };
		57667D69CE0E4056B93B6B47 /* Montserrat-SemiBold.ttf in Resources */ = {isa = PBXBuildFile; fileRef = 5BE3134131784772920FA6D3 /* Montserrat-SemiBold.ttf */; };
/* End PBXBuildFile section */

/* Begin PBXContainerItemProxy section */
		00E356F41AD99517003FC87E /* PBXContainerItemProxy */ = {
			isa = PBXContainerItemProxy;
			containerPortal = 83CBB9F71A601CBA00E9B192 /* Project object */;
			proxyType = 1;
			remoteGlobalIDString = 13B07F861A680F5B00A75B9A;
			remoteInfo = foodapp;
		};
/* End PBXContainerItemProxy section */

/* Begin PBXFileReference section */
		00E356EE1AD99517003FC87E /* foodappTests.xctest */ = {isa = PBXFileReference; explicitFileType = wrapper.cfbundle; includeInIndex = 0; path = foodappTests.xctest; sourceTree = BUILT_PRODUCTS_DIR; };
		00E356F11AD99517003FC87E /* Info.plist */ = {isa = PBXFileReference; lastKnownFileType = text.plist.xml; path = Info.plist; sourceTree = "<group>"; };
		00E356F21AD99517003FC87E /* foodappTests.m */ = {isa = PBXFileReference; lastKnownFileType = sourcecode.c.objc; path = foodappTests.m; sourceTree = "<group>"; };
		13B07F961A680F5B00A75B9A /* foodapp.app */ = {isa = PBXFileReference; explicitFileType = wrapper.application; includeInIndex = 0; path = foodapp.app; sourceTree = BUILT_PRODUCTS_DIR; };
		13B07FAF1A68108700A75B9A /* AppDelegate.h */ = {isa = PBXFileReference; fileEncoding = 4; lastKnownFileType = sourcecode.c.h; name = AppDelegate.h; path = foodapp/AppDelegate.h; sourceTree = "<group>"; };
		13B07FB01A68108700A75B9A /* AppDelegate.m */ = {isa = PBXFileReference; fileEncoding = 4; lastKnownFileType = sourcecode.c.objc; name = AppDelegate.m; path = foodapp/AppDelegate.m; sourceTree = "<group>"; };
		13B07FB51A68108700A75B9A /* Images.xcassets */ = {isa = PBXFileReference; lastKnownFileType = folder.assetcatalog; name = Images.xcassets; path = foodapp/Images.xcassets; sourceTree = "<group>"; };
		13B07FB61A68108700A75B9A /* Info.plist */ = {isa = PBXFileReference; fileEncoding = 4; lastKnownFileType = text.plist.xml; name = Info.plist; path = foodapp/Info.plist; sourceTree = "<group>"; };
		13B07FB71A68108700A75B9A /* main.m */ = {isa = PBXFileReference; fileEncoding = 4; lastKnownFileType = sourcecode.c.objc; name = main.m; path = foodapp/main.m; sourceTree = "<group>"; };
		81AB9BB72411601600AC10FF /* LaunchScreen.storyboard */ = {isa = PBXFileReference; fileEncoding = 4; lastKnownFileType = file.storyboard; name = LaunchScreen.storyboard; path = foodapp/LaunchScreen.storyboard; sourceTree = "<group>"; };
		ED297162215061F000B7C4FE /* JavaScriptCore.framework */ = {isa = PBXFileReference; lastKnownFileType = wrapper.framework; name = JavaScriptCore.framework; path = System/Library/Frameworks/JavaScriptCore.framework; sourceTree = SDKROOT; };
		55F864EF7FA54DA0A04F96A3 /* AntDesign.ttf */ = {isa = PBXFileReference; name = "AntDesign.ttf"; path = "../node_modules/native-base/Fonts/AntDesign.ttf"; sourceTree = "<group>"; fileEncoding = undefined; lastKnownFileType = unknown; explicitFileType = undefined; includeInIndex = 0; };
		9804DBCA787C4425A47A3E60 /* Entypo.ttf */ = {isa = PBXFileReference; name = "Entypo.ttf"; path = "../node_modules/native-base/Fonts/Entypo.ttf"; sourceTree = "<group>"; fileEncoding = undefined; lastKnownFileType = unknown; explicitFileType = undefined; includeInIndex = 0; };
		5FB606729F4B4DAFBB0F8649 /* EvilIcons.ttf */ = {isa = PBXFileReference; name = "EvilIcons.ttf"; path = "../node_modules/native-base/Fonts/EvilIcons.ttf"; sourceTree = "<group>"; fileEncoding = undefined; lastKnownFileType = unknown; explicitFileType = undefined; includeInIndex = 0; };
		49704B42AC4E4CE38B60FC49 /* Feather.ttf */ = {isa = PBXFileReference; name = "Feather.ttf"; path = "../node_modules/native-base/Fonts/Feather.ttf"; sourceTree = "<group>"; fileEncoding = undefined; lastKnownFileType = unknown; explicitFileType = undefined; includeInIndex = 0; };
		75D0A5BE0A2649C6AF936311 /* FontAwesome.ttf */ = {isa = PBXFileReference; name = "FontAwesome.ttf"; path = "../node_modules/native-base/Fonts/FontAwesome.ttf"; sourceTree = "<group>"; fileEncoding = undefined; lastKnownFileType = unknown; explicitFileType = undefined; includeInIndex = 0; };
		FF9440EFE12C4D068EB5D55C /* FontAwesome5_Brands.ttf */ = {isa = PBXFileReference; name = "FontAwesome5_Brands.ttf"; path = "../node_modules/native-base/Fonts/FontAwesome5_Brands.ttf"; sourceTree = "<group>"; fileEncoding = undefined; lastKnownFileType = unknown; explicitFileType = undefined; includeInIndex = 0; };
		DBA71CA07DB54645874AE610 /* FontAwesome5_Regular.ttf */ = {isa = PBXFileReference; name = "FontAwesome5_Regular.ttf"; path = "../node_modules/native-base/Fonts/FontAwesome5_Regular.ttf"; sourceTree = "<group>"; fileEncoding = undefined; lastKnownFileType = unknown; explicitFileType = undefined; includeInIndex = 0; };
		D28FDA18712347C8A71658CD /* FontAwesome5_Solid.ttf */ = {isa = PBXFileReference; name = "FontAwesome5_Solid.ttf"; path = "../node_modules/native-base/Fonts/FontAwesome5_Solid.ttf"; sourceTree = "<group>"; fileEncoding = undefined; lastKnownFileType = unknown; explicitFileType = undefined; includeInIndex = 0; };
		0D8D9A3246FE43CBB8E70C1C /* Fontisto.ttf */ = {isa = PBXFileReference; name = "Fontisto.ttf"; path = "../node_modules/native-base/Fonts/Fontisto.ttf"; sourceTree = "<group>"; fileEncoding = undefined; lastKnownFileType = unknown; explicitFileType = undefined; includeInIndex = 0; };
		2788097357AA4A9984502F09 /* Foundation.ttf */ = {isa = PBXFileReference; name = "Foundation.ttf"; path = "../node_modules/native-base/Fonts/Foundation.ttf"; sourceTree = "<group>"; fileEncoding = undefined; lastKnownFileType = unknown; explicitFileType = undefined; includeInIndex = 0; };
		1D84F8E38F6B4DC987BEED6D /* Ionicons.ttf */ = {isa = PBXFileReference; name = "Ionicons.ttf"; path = "../node_modules/native-base/Fonts/Ionicons.ttf"; sourceTree = "<group>"; fileEncoding = undefined; lastKnownFileType = unknown; explicitFileType = undefined; includeInIndex = 0; };
		65A1D3AEC4BD4CCA87EC5074 /* MaterialCommunityIcons.ttf */ = {isa = PBXFileReference; name = "MaterialCommunityIcons.ttf"; path = "../node_modules/native-base/Fonts/MaterialCommunityIcons.ttf"; sourceTree = "<group>"; fileEncoding = undefined; lastKnownFileType = unknown; explicitFileType = undefined; includeInIndex = 0; };
		8CF903A5011847C49D09CC4C /* MaterialIcons.ttf */ = {isa = PBXFileReference; name = "MaterialIcons.ttf"; path = "../node_modules/native-base/Fonts/MaterialIcons.ttf"; sourceTree = "<group>"; fileEncoding = undefined; lastKnownFileType = unknown; explicitFileType = undefined; includeInIndex = 0; };
		373B8EAB23C8492283A1B688 /* Octicons.ttf */ = {isa = PBXFileReference; name = "Octicons.ttf"; path = "../node_modules/native-base/Fonts/Octicons.ttf"; sourceTree = "<group>"; fileEncoding = undefined; lastKnownFileType = unknown; explicitFileType = undefined; includeInIndex = 0; };
		0DD52FD8CBEB43ABBEC987A3 /* Roboto_medium.ttf */ = {isa = PBXFileReference; name = "Roboto_medium.ttf"; path = "../node_modules/native-base/Fonts/Roboto_medium.ttf"; sourceTree = "<group>"; fileEncoding = undefined; lastKnownFileType = unknown; explicitFileType = undefined; includeInIndex = 0; };
		DA6B319BE0524EB7BBEB732D /* Roboto.ttf */ = {isa = PBXFileReference; name = "Roboto.ttf"; path = "../node_modules/native-base/Fonts/Roboto.ttf"; sourceTree = "<group>"; fileEncoding = undefined; lastKnownFileType = unknown; explicitFileType = undefined; includeInIndex = 0; };
		05467A77B4074CE2ACC396D8 /* rubicon-icon-font.ttf */ = {isa = PBXFileReference; name = "rubicon-icon-font.ttf"; path = "../node_modules/native-base/Fonts/rubicon-icon-font.ttf"; sourceTree = "<group>"; fileEncoding = undefined; lastKnownFileType = unknown; explicitFileType = undefined; includeInIndex = 0; };
		F16390880392437C884554AF /* SimpleLineIcons.ttf */ = {isa = PBXFileReference; name = "SimpleLineIcons.ttf"; path = "../node_modules/native-base/Fonts/SimpleLineIcons.ttf"; sourceTree = "<group>"; fileEncoding = undefined; lastKnownFileType = unknown; explicitFileType = undefined; includeInIndex = 0; };
		7DCFE8E40D11485A905CB26B /* Zocial.ttf */ = {isa = PBXFileReference; name = "Zocial.ttf"; path = "../node_modules/native-base/Fonts/Zocial.ttf"; sourceTree = "<group>"; fileEncoding = undefined; lastKnownFileType = unknown; explicitFileType = undefined; includeInIndex = 0; };
		1BB964522F2D4EE38E958FCD /* AntDesign.ttf */ = {isa = PBXFileReference; name = "AntDesign.ttf"; path = "../node_modules/react-native-vector-icons/Fonts/AntDesign.ttf"; sourceTree = "<group>"; fileEncoding = undefined; lastKnownFileType = unknown; explicitFileType = undefined; includeInIndex = 0; };
		6DE51A5304004EDBACF407C7 /* Entypo.ttf */ = {isa = PBXFileReference; name = "Entypo.ttf"; path = "../node_modules/react-native-vector-icons/Fonts/Entypo.ttf"; sourceTree = "<group>"; fileEncoding = undefined; lastKnownFileType = unknown; explicitFileType = undefined; includeInIndex = 0; };
		710F32F9F13A40038A6EE7EE /* EvilIcons.ttf */ = {isa = PBXFileReference; name = "EvilIcons.ttf"; path = "../node_modules/react-native-vector-icons/Fonts/EvilIcons.ttf"; sourceTree = "<group>"; fileEncoding = undefined; lastKnownFileType = unknown; explicitFileType = undefined; includeInIndex = 0; };
		433F5B0C7E35489CB44E80C9 /* Feather.ttf */ = {isa = PBXFileReference; name = "Feather.ttf"; path = "../node_modules/react-native-vector-icons/Fonts/Feather.ttf"; sourceTree = "<group>"; fileEncoding = undefined; lastKnownFileType = unknown; explicitFileType = undefined; includeInIndex = 0; };
		C496F8ABA4674EFDA1F0821E /* FontAwesome.ttf */ = {isa = PBXFileReference; name = "FontAwesome.ttf"; path = "../node_modules/react-native-vector-icons/Fonts/FontAwesome.ttf"; sourceTree = "<group>"; fileEncoding = undefined; lastKnownFileType = unknown; explicitFileType = undefined; includeInIndex = 0; };
		90A9CBEEF71642C0910E19F3 /* FontAwesome5_Brands.ttf */ = {isa = PBXFileReference; name = "FontAwesome5_Brands.ttf"; path = "../node_modules/react-native-vector-icons/Fonts/FontAwesome5_Brands.ttf"; sourceTree = "<group>"; fileEncoding = undefined; lastKnownFileType = unknown; explicitFileType = undefined; includeInIndex = 0; };
		96D2DBD099B64D7E9C47C229 /* FontAwesome5_Regular.ttf */ = {isa = PBXFileReference; name = "FontAwesome5_Regular.ttf"; path = "../node_modules/react-native-vector-icons/Fonts/FontAwesome5_Regular.ttf"; sourceTree = "<group>"; fileEncoding = undefined; lastKnownFileType = unknown; explicitFileType = undefined; includeInIndex = 0; };
		7EA9A542C22247EA8130A381 /* FontAwesome5_Solid.ttf */ = {isa = PBXFileReference; name = "FontAwesome5_Solid.ttf"; path = "../node_modules/react-native-vector-icons/Fonts/FontAwesome5_Solid.ttf"; sourceTree = "<group>"; fileEncoding = undefined; lastKnownFileType = unknown; explicitFileType = undefined; includeInIndex = 0; };
		AA427D926BB841E09683AE74 /* Fontisto.ttf */ = {isa = PBXFileReference; name = "Fontisto.ttf"; path = "../node_modules/react-native-vector-icons/Fonts/Fontisto.ttf"; sourceTree = "<group>"; fileEncoding = undefined; lastKnownFileType = unknown; explicitFileType = undefined; includeInIndex = 0; };
		ACDD2AF0B33848A69664845D /* Foundation.ttf */ = {isa = PBXFileReference; name = "Foundation.ttf"; path = "../node_modules/react-native-vector-icons/Fonts/Foundation.ttf"; sourceTree = "<group>"; fileEncoding = undefined; lastKnownFileType = unknown; explicitFileType = undefined; includeInIndex = 0; };
		5F92987A28BB457DB5C4F029 /* Ionicons.ttf */ = {isa = PBXFileReference; name = "Ionicons.ttf"; path = "../node_modules/react-native-vector-icons/Fonts/Ionicons.ttf"; sourceTree = "<group>"; fileEncoding = undefined; lastKnownFileType = unknown; explicitFileType = undefined; includeInIndex = 0; };
		70C9145E3F164E35B7FE8BA0 /* MaterialCommunityIcons.ttf */ = {isa = PBXFileReference; name = "MaterialCommunityIcons.ttf"; path = "../node_modules/react-native-vector-icons/Fonts/MaterialCommunityIcons.ttf"; sourceTree = "<group>"; fileEncoding = undefined; lastKnownFileType = unknown; explicitFileType = undefined; includeInIndex = 0; };
		B6B0679FDBE449839E0E8EE5 /* MaterialIcons.ttf */ = {isa = PBXFileReference; name = "MaterialIcons.ttf"; path = "../node_modules/react-native-vector-icons/Fonts/MaterialIcons.ttf"; sourceTree = "<group>"; fileEncoding = undefined; lastKnownFileType = unknown; explicitFileType = undefined; includeInIndex = 0; };
		27660AB6F1754E059342C8AF /* Octicons.ttf */ = {isa = PBXFileReference; name = "Octicons.ttf"; path = "../node_modules/react-native-vector-icons/Fonts/Octicons.ttf"; sourceTree = "<group>"; fileEncoding = undefined; lastKnownFileType = unknown; explicitFileType = undefined; includeInIndex = 0; };
		37BA9212FFEF4F98A00EB344 /* SimpleLineIcons.ttf */ = {isa = PBXFileReference; name = "SimpleLineIcons.ttf"; path = "../node_modules/react-native-vector-icons/Fonts/SimpleLineIcons.ttf"; sourceTree = "<group>"; fileEncoding = undefined; lastKnownFileType = unknown; explicitFileType = undefined; includeInIndex = 0; };
		44042E6C352B4A19A44EA15D /* Zocial.ttf */ = {isa = PBXFileReference; name = "Zocial.ttf"; path = "../node_modules/react-native-vector-icons/Fonts/Zocial.ttf"; sourceTree = "<group>"; fileEncoding = undefined; lastKnownFileType = unknown; explicitFileType = undefined; includeInIndex = 0; };
		EFA9B76622AA4B548FBA97A5 /* OpenSansCondensed-Bold.ttf */ = {isa = PBXFileReference; name = "OpenSansCondensed-Bold.ttf"; path = "../src/assets/fonts/OpenSansCondensed-Bold.ttf"; sourceTree = "<group>"; fileEncoding = undefined; lastKnownFileType = unknown; explicitFileType = undefined; includeInIndex = 0; };
		F6A39F601CEF4F13B7026142 /* OpenSansCondensed-Light.ttf */ = {isa = PBXFileReference; name = "OpenSansCondensed-Light.ttf"; path = "../src/assets/fonts/OpenSansCondensed-Light.ttf"; sourceTree = "<group>"; fileEncoding = undefined; lastKnownFileType = unknown; explicitFileType = undefined; includeInIndex = 0; };
		9C1C874272A9445A8B4AD87C /* OpenSansCondensed-LightItalic.ttf */ = {isa = PBXFileReference; name = "OpenSansCondensed-LightItalic.ttf"; path = "../src/assets/fonts/OpenSansCondensed-LightItalic.ttf"; sourceTree = "<group>"; fileEncoding = undefined; lastKnownFileType = unknown; explicitFileType = undefined; includeInIndex = 0; };
		BDA7871172914ECB96CE4D34 /* Raleway-Italic-VariableFont_wght.ttf */ = {isa = PBXFileReference; name = "Raleway-Italic-VariableFont_wght.ttf"; path = "../src/assets/fonts/Raleway-Italic-VariableFont_wght.ttf"; sourceTree = "<group>"; fileEncoding = undefined; lastKnownFileType = unknown; explicitFileType = undefined; includeInIndex = 0; };
		997435EF8FBD46DBA7E2153E /* Raleway-VariableFont_wght.ttf */ = {isa = PBXFileReference; name = "Raleway-VariableFont_wght.ttf"; path = "../src/assets/fonts/Raleway-VariableFont_wght.ttf"; sourceTree = "<group>"; fileEncoding = undefined; lastKnownFileType = unknown; explicitFileType = undefined; includeInIndex = 0; };
		A30500C627264D79B7078E11 /* Montserrat-Bold.ttf */ = {isa = PBXFileReference; name = "Montserrat-Bold.ttf"; path = "../src/assets/fonts/Montserrat-Bold.ttf"; sourceTree = "<group>"; fileEncoding = undefined; lastKnownFileType = unknown; explicitFileType = undefined; includeInIndex = 0; };
		EC4194EC480A483880608BD8 /* Montserrat-Medium.ttf */ = {isa = PBXFileReference; name = "Montserrat-Medium.ttf"; path = "../src/assets/fonts/Montserrat-Medium.ttf"; sourceTree = "<group>"; fileEncoding = undefined; lastKnownFileType = unknown; explicitFileType = undefined; includeInIndex = 0; };
		48CDEA89A62442E89B7C98B9 /* Montserrat-Regular.ttf */ = {isa = PBXFileReference; name = "Montserrat-Regular.ttf"; path = "../src/assets/fonts/Montserrat-Regular.ttf"; sourceTree = "<group>"; fileEncoding = undefined; lastKnownFileType = unknown; explicitFileType = undefined; includeInIndex = 0; };
		5BE3134131784772920FA6D3 /* Montserrat-SemiBold.ttf */ = {isa = PBXFileReference; name = "Montserrat-SemiBold.ttf"; path = "../src/assets/fonts/Montserrat-SemiBold.ttf"; sourceTree = "<group>"; fileEncoding = undefined; lastKnownFileType = unknown; explicitFileType = undefined; includeInIndex = 0; };
/* End PBXFileReference section */

/* Begin PBXFrameworksBuildPhase section */
		00E356EB1AD99517003FC87E /* Frameworks */ = {
			isa = PBXFrameworksBuildPhase;
			buildActionMask = 2147483647;
			files = (
			);
			runOnlyForDeploymentPostprocessing = 0;
		};
		13B07F8C1A680F5B00A75B9A /* Frameworks */ = {
			isa = PBXFrameworksBuildPhase;
			buildActionMask = 2147483647;
			files = (
			);
			runOnlyForDeploymentPostprocessing = 0;
		};
/* End PBXFrameworksBuildPhase section */

/* Begin PBXGroup section */
		00E356EF1AD99517003FC87E /* foodappTests */ = {
			isa = PBXGroup;
			children = (
				00E356F21AD99517003FC87E /* foodappTests.m */,
				00E356F01AD99517003FC87E /* Supporting Files */,
			);
			path = foodappTests;
			sourceTree = "<group>";
		};
		00E356F01AD99517003FC87E /* Supporting Files */ = {
			isa = PBXGroup;
			children = (
				00E356F11AD99517003FC87E /* Info.plist */,
			);
			name = "Supporting Files";
			sourceTree = "<group>";
		};
		13B07FAE1A68108700A75B9A /* foodapp */ = {
			isa = PBXGroup;
			children = (
				13B07FAF1A68108700A75B9A /* AppDelegate.h */,
				13B07FB01A68108700A75B9A /* AppDelegate.m */,
				13B07FB51A68108700A75B9A /* Images.xcassets */,
				13B07FB61A68108700A75B9A /* Info.plist */,
				81AB9BB72411601600AC10FF /* LaunchScreen.storyboard */,
				13B07FB71A68108700A75B9A /* main.m */,
			);
			name = foodapp;
			sourceTree = "<group>";
		};
		2D16E6871FA4F8E400B85C8A /* Frameworks */ = {
			isa = PBXGroup;
			children = (
				ED297162215061F000B7C4FE /* JavaScriptCore.framework */,
			);
			name = Frameworks;
			sourceTree = "<group>";
		};
		832341AE1AAA6A7D00B99B32 /* Libraries */ = {
			isa = PBXGroup;
			children = (
			);
			name = Libraries;
			sourceTree = "<group>";
		};
		83CBB9F61A601CBA00E9B192 = {
			isa = PBXGroup;
			children = (
				13B07FAE1A68108700A75B9A /* foodapp */,
				832341AE1AAA6A7D00B99B32 /* Libraries */,
				00E356EF1AD99517003FC87E /* foodappTests */,
				83CBBA001A601CBA00E9B192 /* Products */,
				2D16E6871FA4F8E400B85C8A /* Frameworks */,
				A9ADAC441A8F4D5A84E61FFD /* Resources */,
			);
			indentWidth = 2;
			sourceTree = "<group>";
			tabWidth = 2;
			usesTabs = 0;
		};
		83CBBA001A601CBA00E9B192 /* Products */ = {
			isa = PBXGroup;
			children = (
				13B07F961A680F5B00A75B9A /* foodapp.app */,
				00E356EE1AD99517003FC87E /* foodappTests.xctest */,
			);
			name = Products;
			sourceTree = "<group>";
		};
		A9ADAC441A8F4D5A84E61FFD /* Resources */ = {
			isa = "PBXGroup";
			children = (
				55F864EF7FA54DA0A04F96A3 /* AntDesign.ttf */,
				9804DBCA787C4425A47A3E60 /* Entypo.ttf */,
				5FB606729F4B4DAFBB0F8649 /* EvilIcons.ttf */,
				49704B42AC4E4CE38B60FC49 /* Feather.ttf */,
				75D0A5BE0A2649C6AF936311 /* FontAwesome.ttf */,
				FF9440EFE12C4D068EB5D55C /* FontAwesome5_Brands.ttf */,
				DBA71CA07DB54645874AE610 /* FontAwesome5_Regular.ttf */,
				D28FDA18712347C8A71658CD /* FontAwesome5_Solid.ttf */,
				0D8D9A3246FE43CBB8E70C1C /* Fontisto.ttf */,
				2788097357AA4A9984502F09 /* Foundation.ttf */,
				1D84F8E38F6B4DC987BEED6D /* Ionicons.ttf */,
				65A1D3AEC4BD4CCA87EC5074 /* MaterialCommunityIcons.ttf */,
				8CF903A5011847C49D09CC4C /* MaterialIcons.ttf */,
				373B8EAB23C8492283A1B688 /* Octicons.ttf */,
				0DD52FD8CBEB43ABBEC987A3 /* Roboto_medium.ttf */,
				DA6B319BE0524EB7BBEB732D /* Roboto.ttf */,
				05467A77B4074CE2ACC396D8 /* rubicon-icon-font.ttf */,
				F16390880392437C884554AF /* SimpleLineIcons.ttf */,
				7DCFE8E40D11485A905CB26B /* Zocial.ttf */,
				1BB964522F2D4EE38E958FCD /* AntDesign.ttf */,
				6DE51A5304004EDBACF407C7 /* Entypo.ttf */,
				710F32F9F13A40038A6EE7EE /* EvilIcons.ttf */,
				433F5B0C7E35489CB44E80C9 /* Feather.ttf */,
				C496F8ABA4674EFDA1F0821E /* FontAwesome.ttf */,
				90A9CBEEF71642C0910E19F3 /* FontAwesome5_Brands.ttf */,
				96D2DBD099B64D7E9C47C229 /* FontAwesome5_Regular.ttf */,
				7EA9A542C22247EA8130A381 /* FontAwesome5_Solid.ttf */,
				AA427D926BB841E09683AE74 /* Fontisto.ttf */,
				ACDD2AF0B33848A69664845D /* Foundation.ttf */,
				5F92987A28BB457DB5C4F029 /* Ionicons.ttf */,
				70C9145E3F164E35B7FE8BA0 /* MaterialCommunityIcons.ttf */,
				B6B0679FDBE449839E0E8EE5 /* MaterialIcons.ttf */,
				27660AB6F1754E059342C8AF /* Octicons.ttf */,
				37BA9212FFEF4F98A00EB344 /* SimpleLineIcons.ttf */,
				44042E6C352B4A19A44EA15D /* Zocial.ttf */,
				EFA9B76622AA4B548FBA97A5 /* OpenSansCondensed-Bold.ttf */,
				F6A39F601CEF4F13B7026142 /* OpenSansCondensed-Light.ttf */,
				9C1C874272A9445A8B4AD87C /* OpenSansCondensed-LightItalic.ttf */,
				BDA7871172914ECB96CE4D34 /* Raleway-Italic-VariableFont_wght.ttf */,
				997435EF8FBD46DBA7E2153E /* Raleway-VariableFont_wght.ttf */,
				A30500C627264D79B7078E11 /* Montserrat-Bold.ttf */,
				EC4194EC480A483880608BD8 /* Montserrat-Medium.ttf */,
				48CDEA89A62442E89B7C98B9 /* Montserrat-Regular.ttf */,
				5BE3134131784772920FA6D3 /* Montserrat-SemiBold.ttf */,
			);
			name = Resources;
			sourceTree = "<group>";
			path = "";
		};
/* End PBXGroup section */

/* Begin PBXNativeTarget section */
		00E356ED1AD99517003FC87E /* foodappTests */ = {
			isa = PBXNativeTarget;
			buildConfigurationList = 00E357021AD99517003FC87E /* Build configuration list for PBXNativeTarget "foodappTests" */;
			buildPhases = (
				00E356EA1AD99517003FC87E /* Sources */,
				00E356EB1AD99517003FC87E /* Frameworks */,
				00E356EC1AD99517003FC87E /* Resources */,
			);
			buildRules = (
			);
			dependencies = (
				00E356F51AD99517003FC87E /* PBXTargetDependency */,
			);
			name = foodappTests;
			productName = foodappTests;
			productReference = 00E356EE1AD99517003FC87E /* foodappTests.xctest */;
			productType = "com.apple.product-type.bundle.unit-test";
		};
		13B07F861A680F5B00A75B9A /* foodapp */ = {
			isa = PBXNativeTarget;
			buildConfigurationList = 13B07F931A680F5B00A75B9A /* Build configuration list for PBXNativeTarget "foodapp" */;
			buildPhases = (
				FD10A7F022414F080027D42C /* Start Packager */,
				13B07F871A680F5B00A75B9A /* Sources */,
				13B07F8C1A680F5B00A75B9A /* Frameworks */,
				13B07F8E1A680F5B00A75B9A /* Resources */,
				00DD1BFF1BD5951E006B06BC /* Bundle React Native code and images */,
			);
			buildRules = (
			);
			dependencies = (
			);
			name = foodapp;
			productName = foodapp;
			productReference = 13B07F961A680F5B00A75B9A /* foodapp.app */;
			productType = "com.apple.product-type.application";
		};
/* End PBXNativeTarget section */

/* Begin PBXProject section */
		83CBB9F71A601CBA00E9B192 /* Project object */ = {
			isa = PBXProject;
			attributes = {
				LastUpgradeCheck = 1210;
				TargetAttributes = {
					00E356ED1AD99517003FC87E = {
						CreatedOnToolsVersion = 6.2;
						TestTargetID = 13B07F861A680F5B00A75B9A;
					};
					13B07F861A680F5B00A75B9A = {
						LastSwiftMigration = 1120;
					};
				};
			};
			buildConfigurationList = 83CBB9FA1A601CBA00E9B192 /* Build configuration list for PBXProject "foodapp" */;
			compatibilityVersion = "Xcode 12.0";
			developmentRegion = en;
			hasScannedForEncodings = 0;
			knownRegions = (
				en,
				Base,
			);
			mainGroup = 83CBB9F61A601CBA00E9B192;
			productRefGroup = 83CBBA001A601CBA00E9B192 /* Products */;
			projectDirPath = "";
			projectRoot = "";
			targets = (
				13B07F861A680F5B00A75B9A /* foodapp */,
				00E356ED1AD99517003FC87E /* foodappTests */,
			);
		};
/* End PBXProject section */

/* Begin PBXResourcesBuildPhase section */
		00E356EC1AD99517003FC87E /* Resources */ = {
			isa = PBXResourcesBuildPhase;
			buildActionMask = 2147483647;
			files = (
			);
			runOnlyForDeploymentPostprocessing = 0;
		};
		13B07F8E1A680F5B00A75B9A /* Resources */ = {
			isa = PBXResourcesBuildPhase;
			buildActionMask = 2147483647;
			files = (
				81AB9BB82411601600AC10FF /* LaunchScreen.storyboard in Resources */,
				13B07FBF1A68108700A75B9A /* Images.xcassets in Resources */,
				B5FCCCA4C36D4570B22131E6 /* AntDesign.ttf in Resources */,
				BA1C04616A194FFF9472187E /* Entypo.ttf in Resources */,
				8F0F2D44B48A4457969E140B /* EvilIcons.ttf in Resources */,
				20BA7B1C559B4B8E9941E503 /* Feather.ttf in Resources */,
				9055712CBD7F484CAA0BA43D /* FontAwesome.ttf in Resources */,
				3FA433E6919D4D16A3AFF2BC /* FontAwesome5_Brands.ttf in Resources */,
				D0C199F289E448B5B39AE222 /* FontAwesome5_Regular.ttf in Resources */,
				A21C1974D24D4FAA9572ACA5 /* FontAwesome5_Solid.ttf in Resources */,
				D8944DD2963741B28028FFAB /* Fontisto.ttf in Resources */,
				80E038B2BCF44F26871E116C /* Foundation.ttf in Resources */,
				283C5EAC68E34288A7265924 /* Ionicons.ttf in Resources */,
				5D7E531D401C4CD18A73B7ED /* MaterialCommunityIcons.ttf in Resources */,
				8600E56315B342A08E9E0742 /* MaterialIcons.ttf in Resources */,
				31F5D6C05AC343398178B8F8 /* Octicons.ttf in Resources */,
				66FF039C24D94B19BC4A4D9D /* Roboto_medium.ttf in Resources */,
				D376266F6F894EB1BF699F37 /* Roboto.ttf in Resources */,
				38EE3BC18B704F2A890BE172 /* rubicon-icon-font.ttf in Resources */,
				14E0ACEF27B24AFA955E78AD /* SimpleLineIcons.ttf in Resources */,
				FCE28BD8AF9A490ABE05BD59 /* Zocial.ttf in Resources */,
				B138D8CBD1E04230A19D7BEA /* AntDesign.ttf in Resources */,
				F41EFDE1FD3441388090FCB8 /* Entypo.ttf in Resources */,
				84BB68A56480472FAC0979A7 /* EvilIcons.ttf in Resources */,
				4589FE5DEBF54D41A2281C76 /* Feather.ttf in Resources */,
				59F08F2D99AE4A29BB53C488 /* FontAwesome.ttf in Resources */,
				987214C1F8D54F93B16B7B5E /* FontAwesome5_Brands.ttf in Resources */,
				8637C75EA24349409C405E72 /* FontAwesome5_Regular.ttf in Resources */,
				67FE05239CA04AB0933ADCE1 /* FontAwesome5_Solid.ttf in Resources */,
				177524C7C5F94D0B83BFCDBF /* Fontisto.ttf in Resources */,
				DAA16A8CF3B24252AEE04722 /* Foundation.ttf in Resources */,
				FA65B37B6FBD43AAB210E6AD /* Ionicons.ttf in Resources */,
				FCAB99115689441FABE6257D /* MaterialCommunityIcons.ttf in Resources */,
				2DD4C119E70D416A8C344288 /* MaterialIcons.ttf in Resources */,
				912CFC493367417E8D6E6F7C /* Octicons.ttf in Resources */,
				34D005D82B19420186B2BC6D /* SimpleLineIcons.ttf in Resources */,
				4CF04845DFFD441B8197A902 /* Zocial.ttf in Resources */,
				61B16C73E20142C78CFBEC06 /* OpenSansCondensed-Bold.ttf in Resources */,
				683A9C22A2BD44ED8BA3EB69 /* OpenSansCondensed-Light.ttf in Resources */,
				364FC80034214CB4B05B7245 /* OpenSansCondensed-LightItalic.ttf in Resources */,
				6D6D335A410141A3B9C00DC6 /* Raleway-Italic-VariableFont_wght.ttf in Resources */,
				112D5C3D9A6C4227BFE51498 /* Raleway-VariableFont_wght.ttf in Resources */,
				91069582A5CC4EB29B22BC80 /* Montserrat-Bold.ttf in Resources */,
				6D1DB8AD3E0D4C7AAFC7D37D /* Montserrat-Medium.ttf in Resources */,
				8906DDDE009B4FE68170F8D9 /* Montserrat-Regular.ttf in Resources */,
				57667D69CE0E4056B93B6B47 /* Montserrat-SemiBold.ttf in Resources */,
			);
			runOnlyForDeploymentPostprocessing = 0;
		};
/* End PBXResourcesBuildPhase section */

/* Begin PBXShellScriptBuildPhase section */
		00DD1BFF1BD5951E006B06BC /* Bundle React Native code and images */ = {
			isa = PBXShellScriptBuildPhase;
			buildActionMask = 2147483647;
			files = (
			);
			inputPaths = (
			);
			name = "Bundle React Native code and images";
			outputPaths = (
			);
			runOnlyForDeploymentPostprocessing = 0;
			shellPath = /bin/sh;
			shellScript = "set -e\n\nexport NODE_BINARY=node\n../node_modules/react-native/scripts/react-native-xcode.sh\n";
		};
		FD10A7F022414F080027D42C /* Start Packager */ = {
			isa = PBXShellScriptBuildPhase;
			buildActionMask = 2147483647;
			files = (
			);
			inputFileListPaths = (
			);
			inputPaths = (
			);
			name = "Start Packager";
			outputFileListPaths = (
			);
			outputPaths = (
			);
			runOnlyForDeploymentPostprocessing = 0;
			shellPath = /bin/sh;
			shellScript = "export RCT_METRO_PORT=\"${RCT_METRO_PORT:=8081}\"\necho \"export RCT_METRO_PORT=${RCT_METRO_PORT}\" > \"${SRCROOT}/../node_modules/react-native/scripts/.packager.env\"\nif [ -z \"${RCT_NO_LAUNCH_PACKAGER+xxx}\" ] ; then\n  if nc -w 5 -z localhost ${RCT_METRO_PORT} ; then\n    if ! curl -s \"http://localhost:${RCT_METRO_PORT}/status\" | grep -q \"packager-status:running\" ; then\n      echo \"Port ${RCT_METRO_PORT} already in use, packager is either not running or not running correctly\"\n      exit 2\n    fi\n  else\n    open \"$SRCROOT/../node_modules/react-native/scripts/launchPackager.command\" || echo \"Can't start packager automatically\"\n  fi\nfi\n";
			showEnvVarsInLog = 0;
		};
/* End PBXShellScriptBuildPhase section */

/* Begin PBXSourcesBuildPhase section */
		00E356EA1AD99517003FC87E /* Sources */ = {
			isa = PBXSourcesBuildPhase;
			buildActionMask = 2147483647;
			files = (
				00E356F31AD99517003FC87E /* foodappTests.m in Sources */,
			);
			runOnlyForDeploymentPostprocessing = 0;
		};
		13B07F871A680F5B00A75B9A /* Sources */ = {
			isa = PBXSourcesBuildPhase;
			buildActionMask = 2147483647;
			files = (
				13B07FBC1A68108700A75B9A /* AppDelegate.m in Sources */,
				13B07FC11A68108700A75B9A /* main.m in Sources */,
			);
			runOnlyForDeploymentPostprocessing = 0;
		};
/* End PBXSourcesBuildPhase section */

/* Begin PBXTargetDependency section */
		00E356F51AD99517003FC87E /* PBXTargetDependency */ = {
			isa = PBXTargetDependency;
			target = 13B07F861A680F5B00A75B9A /* foodapp */;
			targetProxy = 00E356F41AD99517003FC87E /* PBXContainerItemProxy */;
		};
/* End PBXTargetDependency section */

/* Begin XCBuildConfiguration section */
		00E356F61AD99517003FC87E /* Debug */ = {
			isa = XCBuildConfiguration;
			buildSettings = {
				BUNDLE_LOADER = "$(TEST_HOST)";
				GCC_PREPROCESSOR_DEFINITIONS = (
					"DEBUG=1",
					"$(inherited)",
				);
				INFOPLIST_FILE = foodappTests/Info.plist;
				IPHONEOS_DEPLOYMENT_TARGET = 10.0;
				LD_RUNPATH_SEARCH_PATHS = (
					"$(inherited)",
					"@executable_path/Frameworks",
					"@loader_path/Frameworks",
				);
				OTHER_LDFLAGS = (
					"-ObjC",
					"-lc++",
					"$(inherited)",
				);
				PRODUCT_BUNDLE_IDENTIFIER = "org.reactjs.native.example.$(PRODUCT_NAME:rfc1034identifier)";
				PRODUCT_NAME = "$(TARGET_NAME)";
				TEST_HOST = "$(BUILT_PRODUCTS_DIR)/foodapp.app/foodapp";
			};
			name = Debug;
		};
		00E356F71AD99517003FC87E /* Release */ = {
			isa = XCBuildConfiguration;
			buildSettings = {
				BUNDLE_LOADER = "$(TEST_HOST)";
				COPY_PHASE_STRIP = NO;
				INFOPLIST_FILE = foodappTests/Info.plist;
				IPHONEOS_DEPLOYMENT_TARGET = 10.0;
				LD_RUNPATH_SEARCH_PATHS = (
					"$(inherited)",
					"@executable_path/Frameworks",
					"@loader_path/Frameworks",
				);
				OTHER_LDFLAGS = (
					"-ObjC",
					"-lc++",
					"$(inherited)",
				);
				PRODUCT_BUNDLE_IDENTIFIER = "org.reactjs.native.example.$(PRODUCT_NAME:rfc1034identifier)";
				PRODUCT_NAME = "$(TARGET_NAME)";
				TEST_HOST = "$(BUILT_PRODUCTS_DIR)/foodapp.app/foodapp";
			};
			name = Release;
		};
		13B07F941A680F5B00A75B9A /* Debug */ = {
			isa = XCBuildConfiguration;
			buildSettings = {
				ASSETCATALOG_COMPILER_APPICON_NAME = AppIcon;
				CLANG_ENABLE_MODULES = YES;
				CURRENT_PROJECT_VERSION = 1;
				ENABLE_BITCODE = NO;
				INFOPLIST_FILE = foodapp/Info.plist;
				LD_RUNPATH_SEARCH_PATHS = (
					"$(inherited)",
					"@executable_path/Frameworks",
				);
				OTHER_LDFLAGS = (
					"$(inherited)",
					"-ObjC",
					"-lc++",
				);
				PRODUCT_BUNDLE_IDENTIFIER = "org.reactjs.native.example.$(PRODUCT_NAME:rfc1034identifier)";
				PRODUCT_NAME = foodapp;
				SWIFT_OPTIMIZATION_LEVEL = "-Onone";
				SWIFT_VERSION = 5.0;
				VERSIONING_SYSTEM = "apple-generic";
			};
			name = Debug;
		};
		13B07F951A680F5B00A75B9A /* Release */ = {
			isa = XCBuildConfiguration;
			buildSettings = {
				ASSETCATALOG_COMPILER_APPICON_NAME = AppIcon;
				CLANG_ENABLE_MODULES = YES;
				CURRENT_PROJECT_VERSION = 1;
				INFOPLIST_FILE = foodapp/Info.plist;
				LD_RUNPATH_SEARCH_PATHS = (
					"$(inherited)",
					"@executable_path/Frameworks",
				);
				OTHER_LDFLAGS = (
					"$(inherited)",
					"-ObjC",
					"-lc++",
				);
				PRODUCT_BUNDLE_IDENTIFIER = "org.reactjs.native.example.$(PRODUCT_NAME:rfc1034identifier)";
				PRODUCT_NAME = foodapp;
				SWIFT_VERSION = 5.0;
				VERSIONING_SYSTEM = "apple-generic";
			};
			name = Release;
		};
		83CBBA201A601CBA00E9B192 /* Debug */ = {
			isa = XCBuildConfiguration;
			buildSettings = {
				ALWAYS_SEARCH_USER_PATHS = NO;
				CLANG_ANALYZER_LOCALIZABILITY_NONLOCALIZED = YES;
				CLANG_CXX_LANGUAGE_STANDARD = "gnu++0x";
				CLANG_CXX_LIBRARY = "libc++";
				CLANG_ENABLE_MODULES = YES;
				CLANG_ENABLE_OBJC_ARC = YES;
				CLANG_WARN_BLOCK_CAPTURE_AUTORELEASING = YES;
				CLANG_WARN_BOOL_CONVERSION = YES;
				CLANG_WARN_COMMA = YES;
				CLANG_WARN_CONSTANT_CONVERSION = YES;
				CLANG_WARN_DEPRECATED_OBJC_IMPLEMENTATIONS = YES;
				CLANG_WARN_DIRECT_OBJC_ISA_USAGE = YES_ERROR;
				CLANG_WARN_EMPTY_BODY = YES;
				CLANG_WARN_ENUM_CONVERSION = YES;
				CLANG_WARN_INFINITE_RECURSION = YES;
				CLANG_WARN_INT_CONVERSION = YES;
				CLANG_WARN_NON_LITERAL_NULL_CONVERSION = YES;
				CLANG_WARN_OBJC_IMPLICIT_RETAIN_SELF = YES;
				CLANG_WARN_OBJC_LITERAL_CONVERSION = YES;
				CLANG_WARN_OBJC_ROOT_CLASS = YES_ERROR;
				CLANG_WARN_QUOTED_INCLUDE_IN_FRAMEWORK_HEADER = YES;
				CLANG_WARN_RANGE_LOOP_ANALYSIS = YES;
				CLANG_WARN_STRICT_PROTOTYPES = YES;
				CLANG_WARN_SUSPICIOUS_MOVE = YES;
				CLANG_WARN_UNREACHABLE_CODE = YES;
				CLANG_WARN__DUPLICATE_METHOD_MATCH = YES;
				"CODE_SIGN_IDENTITY[sdk=iphoneos*]" = "iPhone Developer";
				COPY_PHASE_STRIP = NO;
				ENABLE_STRICT_OBJC_MSGSEND = YES;
				ENABLE_TESTABILITY = YES;
				GCC_C_LANGUAGE_STANDARD = gnu99;
				GCC_DYNAMIC_NO_PIC = NO;
				GCC_NO_COMMON_BLOCKS = YES;
				GCC_OPTIMIZATION_LEVEL = 0;
				GCC_PREPROCESSOR_DEFINITIONS = (
					"DEBUG=1",
					"$(inherited)",
				);
				GCC_SYMBOLS_PRIVATE_EXTERN = NO;
				GCC_WARN_64_TO_32_BIT_CONVERSION = YES;
				GCC_WARN_ABOUT_RETURN_TYPE = YES_ERROR;
				GCC_WARN_UNDECLARED_SELECTOR = YES;
				GCC_WARN_UNINITIALIZED_AUTOS = YES_AGGRESSIVE;
				GCC_WARN_UNUSED_FUNCTION = YES;
				GCC_WARN_UNUSED_VARIABLE = YES;
				IPHONEOS_DEPLOYMENT_TARGET = 10.0;
				LD_RUNPATH_SEARCH_PATHS = (
					/usr/lib/swift,
					"$(inherited)",
				);
				LIBRARY_SEARCH_PATHS = (
					"\"$(TOOLCHAIN_DIR)/usr/lib/swift/$(PLATFORM_NAME)\"",
					"\"$(TOOLCHAIN_DIR)/usr/lib/swift-5.0/$(PLATFORM_NAME)\"",
					"\"$(inherited)\"",
				);
				MTL_ENABLE_DEBUG_INFO = YES;
				ONLY_ACTIVE_ARCH = YES;
				SDKROOT = iphoneos;
			};
			name = Debug;
		};
		83CBBA211A601CBA00E9B192 /* Release */ = {
			isa = XCBuildConfiguration;
			buildSettings = {
				ALWAYS_SEARCH_USER_PATHS = NO;
				CLANG_ANALYZER_LOCALIZABILITY_NONLOCALIZED = YES;
				CLANG_CXX_LANGUAGE_STANDARD = "gnu++0x";
				CLANG_CXX_LIBRARY = "libc++";
				CLANG_ENABLE_MODULES = YES;
				CLANG_ENABLE_OBJC_ARC = YES;
				CLANG_WARN_BLOCK_CAPTURE_AUTORELEASING = YES;
				CLANG_WARN_BOOL_CONVERSION = YES;
				CLANG_WARN_COMMA = YES;
				CLANG_WARN_CONSTANT_CONVERSION = YES;
				CLANG_WARN_DEPRECATED_OBJC_IMPLEMENTATIONS = YES;
				CLANG_WARN_DIRECT_OBJC_ISA_USAGE = YES_ERROR;
				CLANG_WARN_EMPTY_BODY = YES;
				CLANG_WARN_ENUM_CONVERSION = YES;
				CLANG_WARN_INFINITE_RECURSION = YES;
				CLANG_WARN_INT_CONVERSION = YES;
				CLANG_WARN_NON_LITERAL_NULL_CONVERSION = YES;
				CLANG_WARN_OBJC_IMPLICIT_RETAIN_SELF = YES;
				CLANG_WARN_OBJC_LITERAL_CONVERSION = YES;
				CLANG_WARN_OBJC_ROOT_CLASS = YES_ERROR;
				CLANG_WARN_QUOTED_INCLUDE_IN_FRAMEWORK_HEADER = YES;
				CLANG_WARN_RANGE_LOOP_ANALYSIS = YES;
				CLANG_WARN_STRICT_PROTOTYPES = YES;
				CLANG_WARN_SUSPICIOUS_MOVE = YES;
				CLANG_WARN_UNREACHABLE_CODE = YES;
				CLANG_WARN__DUPLICATE_METHOD_MATCH = YES;
				"CODE_SIGN_IDENTITY[sdk=iphoneos*]" = "iPhone Developer";
				COPY_PHASE_STRIP = YES;
				ENABLE_NS_ASSERTIONS = NO;
				ENABLE_STRICT_OBJC_MSGSEND = YES;
				GCC_C_LANGUAGE_STANDARD = gnu99;
				GCC_NO_COMMON_BLOCKS = YES;
				GCC_WARN_64_TO_32_BIT_CONVERSION = YES;
				GCC_WARN_ABOUT_RETURN_TYPE = YES_ERROR;
				GCC_WARN_UNDECLARED_SELECTOR = YES;
				GCC_WARN_UNINITIALIZED_AUTOS = YES_AGGRESSIVE;
				GCC_WARN_UNUSED_FUNCTION = YES;
				GCC_WARN_UNUSED_VARIABLE = YES;
				IPHONEOS_DEPLOYMENT_TARGET = 10.0;
				LD_RUNPATH_SEARCH_PATHS = (
					/usr/lib/swift,
					"$(inherited)",
				);
				LIBRARY_SEARCH_PATHS = (
					"\"$(TOOLCHAIN_DIR)/usr/lib/swift/$(PLATFORM_NAME)\"",
					"\"$(TOOLCHAIN_DIR)/usr/lib/swift-5.0/$(PLATFORM_NAME)\"",
					"\"$(inherited)\"",
				);
				MTL_ENABLE_DEBUG_INFO = NO;
				SDKROOT = iphoneos;
				VALIDATE_PRODUCT = YES;
			};
			name = Release;
		};
/* End XCBuildConfiguration section */

/* Begin XCConfigurationList section */
		00E357021AD99517003FC87E /* Build configuration list for PBXNativeTarget "foodappTests" */ = {
			isa = XCConfigurationList;
			buildConfigurations = (
				00E356F61AD99517003FC87E /* Debug */,
				00E356F71AD99517003FC87E /* Release */,
			);
			defaultConfigurationIsVisible = 0;
			defaultConfigurationName = Release;
		};
		13B07F931A680F5B00A75B9A /* Build configuration list for PBXNativeTarget "foodapp" */ = {
			isa = XCConfigurationList;
			buildConfigurations = (
				13B07F941A680F5B00A75B9A /* Debug */,
				13B07F951A680F5B00A75B9A /* Release */,
			);
			defaultConfigurationIsVisible = 0;
			defaultConfigurationName = Release;
		};
		83CBB9FA1A601CBA00E9B192 /* Build configuration list for PBXProject "foodapp" */ = {
			isa = XCConfigurationList;
			buildConfigurations = (
				83CBBA201A601CBA00E9B192 /* Debug */,
				83CBBA211A601CBA00E9B192 /* Release */,
			);
			defaultConfigurationIsVisible = 0;
			defaultConfigurationName = Release;
		};
/* End XCConfigurationList section */
	};
	rootObject = 83CBB9F71A601CBA00E9B192 /* Project object */;
}
